// !$*UTF8*$!
{
	archiveVersion = 1;
	classes = {
	};
	objectVersion = 48;
	objects = {

/* Begin PBXBuildFile section */
		2639B0342016A9D300A164CB /* AppDelegate.swift in Sources */ = {isa = PBXBuildFile; fileRef = 2639B0332016A9D300A164CB /* AppDelegate.swift */; };
		2639B0362016A9D300A164CB /* ViewController.swift in Sources */ = {isa = PBXBuildFile; fileRef = 2639B0352016A9D300A164CB /* ViewController.swift */; };
		2639B0392016A9D300A164CB /* Main.storyboard in Resources */ = {isa = PBXBuildFile; fileRef = 2639B0372016A9D300A164CB /* Main.storyboard */; };
		2639B03B2016A9D300A164CB /* Assets.xcassets in Resources */ = {isa = PBXBuildFile; fileRef = 2639B03A2016A9D300A164CB /* Assets.xcassets */; };
		2639B03E2016A9D300A164CB /* LaunchScreen.storyboard in Resources */ = {isa = PBXBuildFile; fileRef = 2639B03C2016A9D300A164CB /* LaunchScreen.storyboard */; };
		2639B0492016A9D300A164CB /* TipCalcTests.swift in Sources */ = {isa = PBXBuildFile; fileRef = 2639B0482016A9D300A164CB /* TipCalcTests.swift */; };
		2639B0542016A9D300A164CB /* TipCalcUITests.swift in Sources */ = {isa = PBXBuildFile; fileRef = 2639B0532016A9D300A164CB /* TipCalcUITests.swift */; };
		2650A0C7201D4FA200749AF1 /* SettingsViewController.swift in Sources */ = {isa = PBXBuildFile; fileRef = 2650A0C6201D4FA200749AF1 /* SettingsViewController.swift */; };
/* End PBXBuildFile section */

/* Begin PBXContainerItemProxy section */
		2639B0452016A9D300A164CB /* PBXContainerItemProxy */ = {
			isa = PBXContainerItemProxy;
			containerPortal = 2639B0282016A9D200A164CB /* Project object */;
			proxyType = 1;
			remoteGlobalIDString = 2639B02F2016A9D200A164CB;
			remoteInfo = TipCalc;
		};
		2639B0502016A9D300A164CB /* PBXContainerItemProxy */ = {
			isa = PBXContainerItemProxy;
			containerPortal = 2639B0282016A9D200A164CB /* Project object */;
			proxyType = 1;
			remoteGlobalIDString = 2639B02F2016A9D200A164CB;
			remoteInfo = TipCalc;
		};
/* End PBXContainerItemProxy section */

/* Begin PBXFileReference section */
		2639B0302016A9D300A164CB /* TipCalc.app */ = {isa = PBXFileReference; explicitFileType = wrapper.application; includeInIndex = 0; path = TipCalc.app; sourceTree = BUILT_PRODUCTS_DIR; };
		2639B0332016A9D300A164CB /* AppDelegate.swift */ = {isa = PBXFileReference; lastKnownFileType = sourcecode.swift; path = AppDelegate.swift; sourceTree = "<group>"; };
		2639B0352016A9D300A164CB /* ViewController.swift */ = {isa = PBXFileReference; lastKnownFileType = sourcecode.swift; path = ViewController.swift; sourceTree = "<group>"; };
		2639B0382016A9D300A164CB /* Base */ = {isa = PBXFileReference; lastKnownFileType = file.storyboard; name = Base; path = Base.lproj/Main.storyboard; sourceTree = "<group>"; };
		2639B03A2016A9D300A164CB /* Assets.xcassets */ = {isa = PBXFileReference; lastKnownFileType = folder.assetcatalog; path = Assets.xcassets; sourceTree = "<group>"; };
		2639B03D2016A9D300A164CB /* Base */ = {isa = PBXFileReference; lastKnownFileType = file.storyboard; name = Base; path = Base.lproj/LaunchScreen.storyboard; sourceTree = "<group>"; };
		2639B03F2016A9D300A164CB /* Info.plist */ = {isa = PBXFileReference; lastKnownFileType = text.plist.xml; path = Info.plist; sourceTree = "<group>"; };
		2639B0442016A9D300A164CB /* TipCalcTests.xctest */ = {isa = PBXFileReference; explicitFileType = wrapper.cfbundle; includeInIndex = 0; path = TipCalcTests.xctest; sourceTree = BUILT_PRODUCTS_DIR; };
		2639B0482016A9D300A164CB /* TipCalcTests.swift */ = {isa = PBXFileReference; lastKnownFileType = sourcecode.swift; path = TipCalcTests.swift; sourceTree = "<group>"; };
		2639B04A2016A9D300A164CB /* Info.plist */ = {isa = PBXFileReference; lastKnownFileType = text.plist.xml; path = Info.plist; sourceTree = "<group>"; };
		2639B04F2016A9D300A164CB /* TipCalcUITests.xctest */ = {isa = PBXFileReference; explicitFileType = wrapper.cfbundle; includeInIndex = 0; path = TipCalcUITests.xctest; sourceTree = BUILT_PRODUCTS_DIR; };
		2639B0532016A9D300A164CB /* TipCalcUITests.swift */ = {isa = PBXFileReference; lastKnownFileType = sourcecode.swift; path = TipCalcUITests.swift; sourceTree = "<group>"; };
		2639B0552016A9D300A164CB /* Info.plist */ = {isa = PBXFileReference; lastKnownFileType = text.plist.xml; path = Info.plist; sourceTree = "<group>"; };
		2650A0C6201D4FA200749AF1 /* SettingsViewController.swift */ = {isa = PBXFileReference; lastKnownFileType = sourcecode.swift; path = SettingsViewController.swift; sourceTree = "<group>"; };
/* End PBXFileReference section */

/* Begin PBXFrameworksBuildPhase section */
		2639B02D2016A9D200A164CB /* Frameworks */ = {
			isa = PBXFrameworksBuildPhase;
			buildActionMask = 2147483647;
			files = (
			);
			runOnlyForDeploymentPostprocessing = 0;
		};
		2639B0412016A9D300A164CB /* Frameworks */ = {
			isa = PBXFrameworksBuildPhase;
			buildActionMask = 2147483647;
			files = (
			);
			runOnlyForDeploymentPostprocessing = 0;
		};
		2639B04C2016A9D300A164CB /* Frameworks */ = {
			isa = PBXFrameworksBuildPhase;
			buildActionMask = 2147483647;
			files = (
			);
			runOnlyForDeploymentPostprocessing = 0;
		};
/* End PBXFrameworksBuildPhase section */

/* Begin PBXGroup section */
		2639B0272016A9D200A164CB = {
			isa = PBXGroup;
			children = (
				2639B0322016A9D300A164CB /* TipCalc */,
				2639B0472016A9D300A164CB /* TipCalcTests */,
				2639B0522016A9D300A164CB /* TipCalcUITests */,
				2639B0312016A9D300A164CB /* Products */,
			);
			sourceTree = "<group>";
		};
		2639B0312016A9D300A164CB /* Products */ = {
			isa = PBXGroup;
			children = (
				2639B0302016A9D300A164CB /* TipCalc.app */,
				2639B0442016A9D300A164CB /* TipCalcTests.xctest */,
				2639B04F2016A9D300A164CB /* TipCalcUITests.xctest */,
			);
			name = Products;
			sourceTree = "<group>";
		};
		2639B0322016A9D300A164CB /* TipCalc */ = {
			isa = PBXGroup;
			children = (
				2639B0332016A9D300A164CB /* AppDelegate.swift */,
				2639B0352016A9D300A164CB /* ViewController.swift */,
				2639B0372016A9D300A164CB /* Main.storyboard */,
				2650A0C6201D4FA200749AF1 /* SettingsViewController.swift */,
				2639B03A2016A9D300A164CB /* Assets.xcassets */,
				2639B03C2016A9D300A164CB /* LaunchScreen.storyboard */,
				2639B03F2016A9D300A164CB /* Info.plist */,
			);
			path = TipCalc;
			sourceTree = "<group>";
		};
		2639B0472016A9D300A164CB /* TipCalcTests */ = {
			isa = PBXGroup;
			children = (
				2639B0482016A9D300A164CB /* TipCalcTests.swift */,
				2639B04A2016A9D300A164CB /* Info.plist */,
			);
			path = TipCalcTests;
			sourceTree = "<group>";
		};
		2639B0522016A9D300A164CB /* TipCalcUITests */ = {
			isa = PBXGroup;
			children = (
				2639B0532016A9D300A164CB /* TipCalcUITests.swift */,
				2639B0552016A9D300A164CB /* Info.plist */,
			);
			path = TipCalcUITests;
			sourceTree = "<group>";
		};
/* End PBXGroup section */

/* Begin PBXNativeTarget section */
		2639B02F2016A9D200A164CB /* TipCalc */ = {
			isa = PBXNativeTarget;
			buildConfigurationList = 2639B0582016A9D300A164CB /* Build configuration list for PBXNativeTarget "TipCalc" */;
			buildPhases = (
				2639B02C2016A9D200A164CB /* Sources */,
				2639B02D2016A9D200A164CB /* Frameworks */,
				2639B02E2016A9D200A164CB /* Resources */,
			);
			buildRules = (
			);
			dependencies = (
			);
			name = TipCalc;
			productName = TipCalc;
			productReference = 2639B0302016A9D300A164CB /* TipCalc.app */;
			productType = "com.apple.product-type.application";
		};
		2639B0432016A9D300A164CB /* TipCalcTests */ = {
			isa = PBXNativeTarget;
			buildConfigurationList = 2639B05B2016A9D300A164CB /* Build configuration list for PBXNativeTarget "TipCalcTests" */;
			buildPhases = (
				2639B0402016A9D300A164CB /* Sources */,
				2639B0412016A9D300A164CB /* Frameworks */,
				2639B0422016A9D300A164CB /* Resources */,
			);
			buildRules = (
			);
			dependencies = (
				2639B0462016A9D300A164CB /* PBXTargetDependency */,
			);
			name = TipCalcTests;
			productName = TipCalcTests;
			productReference = 2639B0442016A9D300A164CB /* TipCalcTests.xctest */;
			productType = "com.apple.product-type.bundle.unit-test";
		};
		2639B04E2016A9D300A164CB /* TipCalcUITests */ = {
			isa = PBXNativeTarget;
			buildConfigurationList = 2639B05E2016A9D300A164CB /* Build configuration list for PBXNativeTarget "TipCalcUITests" */;
			buildPhases = (
				2639B04B2016A9D300A164CB /* Sources */,
				2639B04C2016A9D300A164CB /* Frameworks */,
				2639B04D2016A9D300A164CB /* Resources */,
			);
			buildRules = (
			);
			dependencies = (
				2639B0512016A9D300A164CB /* PBXTargetDependency */,
			);
			name = TipCalcUITests;
			productName = TipCalcUITests;
			productReference = 2639B04F2016A9D300A164CB /* TipCalcUITests.xctest */;
			productType = "com.apple.product-type.bundle.ui-testing";
		};
/* End PBXNativeTarget section */

/* Begin PBXProject section */
		2639B0282016A9D200A164CB /* Project object */ = {
			isa = PBXProject;
			attributes = {
				LastSwiftUpdateCheck = 0920;
				LastUpgradeCheck = 0920;
				ORGANIZATIONNAME = "Sarah Villegas ";
				TargetAttributes = {
					2639B02F2016A9D200A164CB = {
						CreatedOnToolsVersion = 9.2;
						ProvisioningStyle = Automatic;
					};
					2639B0432016A9D300A164CB = {
						CreatedOnToolsVersion = 9.2;
						ProvisioningStyle = Automatic;
						TestTargetID = 2639B02F2016A9D200A164CB;
					};
					2639B04E2016A9D300A164CB = {
						CreatedOnToolsVersion = 9.2;
						ProvisioningStyle = Automatic;
						TestTargetID = 2639B02F2016A9D200A164CB;
					};
				};
			};
			buildConfigurationList = 2639B02B2016A9D200A164CB /* Build configuration list for PBXProject "TipCalc" */;
			compatibilityVersion = "Xcode 8.0";
			developmentRegion = en;
			hasScannedForEncodings = 0;
			knownRegions = (
				en,
				Base,
			);
			mainGroup = 2639B0272016A9D200A164CB;
			productRefGroup = 2639B0312016A9D300A164CB /* Products */;
			projectDirPath = "";
			projectRoot = "";
			targets = (
				2639B02F2016A9D200A164CB /* TipCalc */,
				2639B0432016A9D300A164CB /* TipCalcTests */,
				2639B04E2016A9D300A164CB /* TipCalcUITests */,
			);
		};
/* End PBXProject section */

/* Begin PBXResourcesBuildPhase section */
		2639B02E2016A9D200A164CB /* Resources */ = {
			isa = PBXResourcesBuildPhase;
			buildActionMask = 2147483647;
			files = (
				2639B03E2016A9D300A164CB /* LaunchScreen.storyboard in Resources */,
				2639B03B2016A9D300A164CB /* Assets.xcassets in Resources */,
				2639B0392016A9D300A164CB /* Main.storyboard in Resources */,
			);
			runOnlyForDeploymentPostprocessing = 0;
		};
		2639B0422016A9D300A164CB /* Resources */ = {
			isa = PBXResourcesBuildPhase;
			buildActionMask = 2147483647;
			files = (
			);
			runOnlyForDeploymentPostprocessing = 0;
		};
		2639B04D2016A9D300A164CB /* Resources */ = {
			isa = PBXResourcesBuildPhase;
			buildActionMask = 2147483647;
			files = (
			);
			runOnlyForDeploymentPostprocessing = 0;
		};
/* End PBXResourcesBuildPhase section */

/* Begin PBXSourcesBuildPhase section */
		2639B02C2016A9D200A164CB /* Sources */ = {
			isa = PBXSourcesBuildPhase;
			buildActionMask = 2147483647;
			files = (
				2639B0362016A9D300A164CB /* ViewController.swift in Sources */,
				2639B0342016A9D300A164CB /* AppDelegate.swift in Sources */,
				2650A0C7201D4FA200749AF1 /* SettingsViewController.swift in Sources */,
			);
			runOnlyForDeploymentPostprocessing = 0;
		};
		2639B0402016A9D300A164CB /* Sources */ = {
			isa = PBXSourcesBuildPhase;
			buildActionMask = 2147483647;
			files = (
				2639B0492016A9D300A164CB /* TipCalcTests.swift in Sources */,
			);
			runOnlyForDeploymentPostprocessing = 0;
		};
		2639B04B2016A9D300A164CB /* Sources */ = {
			isa = PBXSourcesBuildPhase;
			buildActionMask = 2147483647;
			files = (
				2639B0542016A9D300A164CB /* TipCalcUITests.swift in Sources */,
			);
			runOnlyForDeploymentPostprocessing = 0;
		};
/* End PBXSourcesBuildPhase section */

/* Begin PBXTargetDependency section */
		2639B0462016A9D300A164CB /* PBXTargetDependency */ = {
			isa = PBXTargetDependency;
			target = 2639B02F2016A9D200A164CB /* TipCalc */;
			targetProxy = 2639B0452016A9D300A164CB /* PBXContainerItemProxy */;
		};
		2639B0512016A9D300A164CB /* PBXTargetDependency */ = {
			isa = PBXTargetDependency;
			target = 2639B02F2016A9D200A164CB /* TipCalc */;
			targetProxy = 2639B0502016A9D300A164CB /* PBXContainerItemProxy */;
		};
/* End PBXTargetDependency section */

/* Begin PBXVariantGroup section */
		2639B0372016A9D300A164CB /* Main.storyboard */ = {
			isa = PBXVariantGroup;
			children = (
				2639B0382016A9D300A164CB /* Base */,
			);
			name = Main.storyboard;
			sourceTree = "<group>";
		};
		2639B03C2016A9D300A164CB /* LaunchScreen.storyboard */ = {
			isa = PBXVariantGroup;
			children = (
				2639B03D2016A9D300A164CB /* Base */,
			);
			name = LaunchScreen.storyboard;
			sourceTree = "<group>";
		};
/* End PBXVariantGroup section */

/* Begin XCBuildConfiguration section */
		2639B0562016A9D300A164CB /* Debug */ = {
			isa = XCBuildConfiguration;
			buildSettings = {
				ALWAYS_SEARCH_USER_PATHS = NO;
				CLANG_ANALYZER_NONNULL = YES;
				CLANG_ANALYZER_NUMBER_OBJECT_CONVERSION = YES_AGGRESSIVE;
				CLANG_CXX_LANGUAGE_STANDARD = "gnu++14";
				CLANG_CXX_LIBRARY = "libc++";
				CLANG_ENABLE_MODULES = YES;
				CLANG_ENABLE_OBJC_ARC = YES;
				CLANG_WARN_BLOCK_CAPTURE_AUTORELEASING = YES;
				CLANG_WARN_BOOL_CONVERSION = YES;
				CLANG_WARN_COMMA = YES;
				CLANG_WARN_CONSTANT_CONVERSION = YES;
				CLANG_WARN_DIRECT_OBJC_ISA_USAGE = YES_ERROR;
				CLANG_WARN_DOCUMENTATION_COMMENTS = YES;
				CLANG_WARN_EMPTY_BODY = YES;
				CLANG_WARN_ENUM_CONVERSION = YES;
				CLANG_WARN_INFINITE_RECURSION = YES;
				CLANG_WARN_INT_CONVERSION = YES;
				CLANG_WARN_NON_LITERAL_NULL_CONVERSION = YES;
				CLANG_WARN_OBJC_LITERAL_CONVERSION = YES;
				CLANG_WARN_OBJC_ROOT_CLASS = YES_ERROR;
				CLANG_WARN_RANGE_LOOP_ANALYSIS = YES;
				CLANG_WARN_STRICT_PROTOTYPES = YES;
				CLANG_WARN_SUSPICIOUS_MOVE = YES;
				CLANG_WARN_UNGUARDED_AVAILABILITY = YES_AGGRESSIVE;
				CLANG_WARN_UNREACHABLE_CODE = YES;
				CLANG_WARN__DUPLICATE_METHOD_MATCH = YES;
				CODE_SIGN_IDENTITY = "iPhone Developer";
				COPY_PHASE_STRIP = NO;
				DEBUG_INFORMATION_FORMAT = dwarf;
				ENABLE_STRICT_OBJC_MSGSEND = YES;
				ENABLE_TESTABILITY = YES;
				GCC_C_LANGUAGE_STANDARD = gnu11;
				GCC_DYNAMIC_NO_PIC = NO;
				GCC_NO_COMMON_BLOCKS = YES;
				GCC_OPTIMIZATION_LEVEL = 0;
				GCC_PREPROCESSOR_DEFINITIONS = (
					"DEBUG=1",
					"$(inherited)",
				);
				GCC_WARN_64_TO_32_BIT_CONVERSION = YES;
				GCC_WARN_ABOUT_RETURN_TYPE = YES_ERROR;
				GCC_WARN_UNDECLARED_SELECTOR = YES;
				GCC_WARN_UNINITIALIZED_AUTOS = YES_AGGRESSIVE;
				GCC_WARN_UNUSED_FUNCTION = YES;
				GCC_WARN_UNUSED_VARIABLE = YES;
				IPHONEOS_DEPLOYMENT_TARGET = 11.2;
				MTL_ENABLE_DEBUG_INFO = YES;
				ONLY_ACTIVE_ARCH = YES;
				SDKROOT = iphoneos;
				SWIFT_ACTIVE_COMPILATION_CONDITIONS = DEBUG;
				SWIFT_OPTIMIZATION_LEVEL = "-Onone";
			};
			name = Debug;
		};
		2639B0572016A9D300A164CB /* Release */ = {
			isa = XCBuildConfiguration;
			buildSettings = {
				ALWAYS_SEARCH_USER_PATHS = NO;
				CLANG_ANALYZER_NONNULL = YES;
				CLANG_ANALYZER_NUMBER_OBJECT_CONVERSION = YES_AGGRESSIVE;
				CLANG_CXX_LANGUAGE_STANDARD = "gnu++14";
				CLANG_CXX_LIBRARY = "libc++";
				CLANG_ENABLE_MODULES = YES;
				CLANG_ENABLE_OBJC_ARC = YES;
				CLANG_WARN_BLOCK_CAPTURE_AUTORELEASING = YES;
				CLANG_WARN_BOOL_CONVERSION = YES;
				CLANG_WARN_COMMA = YES;
				CLANG_WARN_CONSTANT_CONVERSION = YES;
				CLANG_WARN_DIRECT_OBJC_ISA_USAGE = YES_ERROR;
				CLANG_WARN_DOCUMENTATION_COMMENTS = YES;
				CLANG_WARN_EMPTY_BODY = YES;
				CLANG_WARN_ENUM_CONVERSION = YES;
				CLANG_WARN_INFINITE_RECURSION = YES;
				CLANG_WARN_INT_CONVERSION = YES;
				CLANG_WARN_NON_LITERAL_NULL_CONVERSION = YES;
				CLANG_WARN_OBJC_LITERAL_CONVERSION = YES;
				CLANG_WARN_OBJC_ROOT_CLASS = YES_ERROR;
				CLANG_WARN_RANGE_LOOP_ANALYSIS = YES;
				CLANG_WARN_STRICT_PROTOTYPES = YES;
				CLANG_WARN_SUSPICIOUS_MOVE = YES;
				CLANG_WARN_UNGUARDED_AVAILABILITY = YES_AGGRESSIVE;
				CLANG_WARN_UNREACHABLE_CODE = YES;
				CLANG_WARN__DUPLICATE_METHOD_MATCH = YES;
				CODE_SIGN_IDENTITY = "iPhone Developer";
				COPY_PHASE_STRIP = NO;
				DEBUG_INFORMATION_FORMAT = "dwarf-with-dsym";
				ENABLE_NS_ASSERTIONS = NO;
				ENABLE_STRICT_OBJC_MSGSEND = YES;
				GCC_C_LANGUAGE_STANDARD = gnu11;
				GCC_NO_COMMON_BLOCKS = YES;
				GCC_WARN_64_TO_32_BIT_CONVERSION = YES;
				GCC_WARN_ABOUT_RETURN_TYPE = YES_ERROR;
				GCC_WARN_UNDECLARED_SELECTOR = YES;
				GCC_WARN_UNINITIALIZED_AUTOS = YES_AGGRESSIVE;
				GCC_WARN_UNUSED_FUNCTION = YES;
				GCC_WARN_UNUSED_VARIABLE = YES;
				IPHONEOS_DEPLOYMENT_TARGET = 11.2;
				MTL_ENABLE_DEBUG_INFO = NO;
				SDKROOT = iphoneos;
				SWIFT_OPTIMIZATION_LEVEL = "-Owholemodule";
				VALIDATE_PRODUCT = YES;
			};
			name = Release;
		};
		2639B0592016A9D300A164CB /* Debug */ = {
			isa = XCBuildConfiguration;
			buildSettings = {
				ASSETCATALOG_COMPILER_APPICON_NAME = AppIcon;
				CODE_SIGN_STYLE = Automatic;
				INFOPLIST_FILE = TipCalc/Info.plist;
				LD_RUNPATH_SEARCH_PATHS = "$(inherited) @executable_path/Frameworks";
				PRODUCT_BUNDLE_IDENTIFIER = CST495Homework.TipCalc;
				PRODUCT_NAME = "$(TARGET_NAME)";
				SWIFT_VERSION = 4.0;
				TARGETED_DEVICE_FAMILY = "1,2";
			};
			name = Debug;
		};
		2639B05A2016A9D300A164CB /* Release */ = {
			isa = XCBuildConfiguration;
			buildSettings = {
				ASSETCATALOG_COMPILER_APPICON_NAME = AppIcon;
				CODE_SIGN_STYLE = Automatic;
				INFOPLIST_FILE = TipCalc/Info.plist;
				LD_RUNPATH_SEARCH_PATHS = "$(inherited) @executable_path/Frameworks";
				PRODUCT_BUNDLE_IDENTIFIER = CST495Homework.TipCalc;
				PRODUCT_NAME = "$(TARGET_NAME)";
				SWIFT_VERSION = 4.0;
				TARGETED_DEVICE_FAMILY = "1,2";
			};
			name = Release;
		};
		2639B05C2016A9D300A164CB /* Debug */ = {
			isa = XCBuildConfiguration;
			buildSettings = {
				ALWAYS_EMBED_SWIFT_STANDARD_LIBRARIES = YES;
				BUNDLE_LOADER = "$(TEST_HOST)";
				CODE_SIGN_STYLE = Automatic;
				INFOPLIST_FILE = TipCalcTests/Info.plist;
				LD_RUNPATH_SEARCH_PATHS = "$(inherited) @executable_path/Frameworks @loader_path/Frameworks";
				PRODUCT_BUNDLE_IDENTIFIER = CST495Homework.TipCalcTests;
				PRODUCT_NAME = "$(TARGET_NAME)";
				SWIFT_VERSION = 4.0;
				TARGETED_DEVICE_FAMILY = "1,2";
				TEST_HOST = "$(BUILT_PRODUCTS_DIR)/TipCalc.app/TipCalc";
			};
			name = Debug;
		};
		2639B05D2016A9D300A164CB /* Release */ = {
			isa = XCBuildConfiguration;
			buildSettings = {
				ALWAYS_EMBED_SWIFT_STANDARD_LIBRARIES = YES;
				BUNDLE_LOADER = "$(TEST_HOST)";
				CODE_SIGN_STYLE = Automatic;
				INFOPLIST_FILE = TipCalcTests/Info.plist;
				LD_RUNPATH_SEARCH_PATHS = "$(inherited) @executable_path/Frameworks @loader_path/Frameworks";
				PRODUCT_BUNDLE_IDENTIFIER = CST495Homework.TipCalcTests;
				PRODUCT_NAME = "$(TARGET_NAME)";
				SWIFT_VERSION = 4.0;
				TARGETED_DEVICE_FAMILY = "1,2";
				TEST_HOST = "$(BUILT_PRODUCTS_DIR)/TipCalc.app/TipCalc";
			};
			name = Release;
		};
		2639B05F2016A9D300A164CB /* Debug */ = {
			isa = XCBuildConfiguration;
			buildSettings = {
				ALWAYS_EMBED_SWIFT_STANDARD_LIBRARIES = YES;
				CODE_SIGN_STYLE = Automatic;
				INFOPLIST_FILE = TipCalcUITests/Info.plist;
				LD_RUNPATH_SEARCH_PATHS = "$(inherited) @executable_path/Frameworks @loader_path/Frameworks";
				PRODUCT_BUNDLE_IDENTIFIER = CST495Homework.TipCalcUITests;
				PRODUCT_NAME = "$(TARGET_NAME)";
				SWIFT_VERSION = 4.0;
				TARGETED_DEVICE_FAMILY = "1,2";
				TEST_TARGET_NAME = TipCalc;
			};
			name = Debug;
		};
		2639B0602016A9D300A164CB /* Release */ = {
			isa = XCBuildConfiguration;
			buildSettings = {
				ALWAYS_EMBED_SWIFT_STANDARD_LIBRARIES = YES;
				CODE_SIGN_STYLE = Automatic;
				INFOPLIST_FILE = TipCalcUITests/Info.plist;
				LD_RUNPATH_SEARCH_PATHS = "$(inherited) @executable_path/Frameworks @loader_path/Frameworks";
				PRODUCT_BUNDLE_IDENTIFIER = CST495Homework.TipCalcUITests;
				PRODUCT_NAME = "$(TARGET_NAME)";
				SWIFT_VERSION = 4.0;
				TARGETED_DEVICE_FAMILY = "1,2";
				TEST_TARGET_NAME = TipCalc;
			};
			name = Release;
		};
/* End XCBuildConfiguration section */

/* Begin XCConfigurationList section */
		2639B02B2016A9D200A164CB /* Build configuration list for PBXProject "TipCalc" */ = {
			isa = XCConfigurationList;
			buildConfigurations = (
				2639B0562016A9D300A164CB /* Debug */,
				2639B0572016A9D300A164CB /* Release */,
			);
			defaultConfigurationIsVisible = 0;
			defaultConfigurationName = Release;
		};
		2639B0582016A9D300A164CB /* Build configuration list for PBXNativeTarget "TipCalc" */ = {
			isa = XCConfigurationList;
			buildConfigurations = (
				2639B0592016A9D300A164CB /* Debug */,
				2639B05A2016A9D300A164CB /* Release */,
			);
			defaultConfigurationIsVisible = 0;
			defaultConfigurationName = Release;
		};
		2639B05B2016A9D300A164CB /* Build configuration list for PBXNativeTarget "TipCalcTests" */ = {
			isa = XCConfigurationList;
			buildConfigurations = (
				2639B05C2016A9D300A164CB /* Debug */,
				2639B05D2016A9D300A164CB /* Release */,
			);
			defaultConfigurationIsVisible = 0;
			defaultConfigurationName = Release;
		};
		2639B05E2016A9D300A164CB /* Build configuration list for PBXNativeTarget "TipCalcUITests" */ = {
			isa = XCConfigurationList;
			buildConfigurations = (
				2639B05F2016A9D300A164CB /* Debug */,
				2639B0602016A9D300A164CB /* Release */,
			);
			defaultConfigurationIsVisible = 0;
			defaultConfigurationName = Release;
		};
/* End XCConfigurationList section */
	};
	rootObject = 2639B0282016A9D200A164CB /* Project object */;
}
